{
  "version": 4,
  "terraform_version": "0.12.13",
  "serial": 1,
  "lineage": "1b247708-10cd-5e01-c14f-bc0f84891533",
  "outputs": {},
  "resources": [
    {
      "mode": "managed",
      "type": "aws_ebs_volume",
      "name": "tasc-ebs",
      "provider": "provider.aws",
      "instances": [
        {
          "schema_version": 0,
          "attributes": {
            "arn": "arn:aws:ec2:us-east-2:793285914962:volume/vol-025163ce16d8d695c",
            "availability_zone": "us-east-2a",
            "encrypted": false,
            "id": "vol-025163ce16d8d695c",
            "iops": 300,
            "kms_key_id": "",
            "size": 100,
            "snapshot_id": "",
            "tags": {
              "Name": "Ebs-Volume"
            },
            "type": "gp2"
          },
          "private": "bnVsbA=="
        }
      ]
    },
    {
      "mode": "managed",
      "type": "aws_instance",
      "name": "casestudy",
      "provider": "provider.aws",
      "instances": []
    },
    {
      "mode": "managed",
      "type": "aws_volume_attachment",
      "name": "tasc-volume",
      "provider": "provider.aws",
      "instances": []
    }
  ]
}
